
Microsoft Visual Studio Solution File, Format Version 12.00
# Visual Studio Version 17
VisualStudioVersion = 17.1.32328.378
MinimumVisualStudioVersion = 10.0.40219.1
Project("{FAE04EC0-301F-11D3-BF4B-00C04F79EFBC}") = "Stack.Lib", "Stack.Lib\Stack.Lib.csproj", "{E1A2B3C4-1111-2222-3333-444455556666}"
EndProject
Project("{FAE04EC0-301F-11D3-BF4B-00C04F79EFBC}") = "Stack.Test", "Stack.Test\Stack.Test.csproj", "{E1A2B3C4-7777-8888-9999-AABBCCDDEEFF}"
EndProject
Global
	GlobalSection(SolutionConfigurationPlatforms) = preSolution
		Debug|Any CPU = Debug|Any CPU
		Release|Any CPU = Release|Any CPU
	EndGlobalSection
	GlobalSection(ProjectConfigurationPlatforms) = postSolution
		{E1A2B3C4-1111-2222-3333-444455556666}.Debug|Any CPU.ActiveCfg = Debug|Any CPU
		{E1A2B3C4-1111-2222-3333-444455556666}.Debug|Any CPU.Build.0 = Debug|Any CPU
		{E1A2B3C4-1111-2222-3333-444455556666}.Release|Any CPU.ActiveCfg = Release|Any CPU
		{E1A2B3C4-1111-2222-3333-444455556666}.Release|Any CPU.Build.0 = Release|Any CPU
		{E1A2B3C4-7777-8888-9999-AABBCCDDEEFF}.Debug|Any CPU.ActiveCfg = Debug|Any CPU
		{E1A2B3C4-7777-8888-9999-AABBCCDDEEFF}.Debug|Any CPU.Build.0 = Debug|Any CPU
		{E1A2B3C4-7777-8888-9999-AABBCCDDEEFF}.Release|Any CPU.ActiveCfg = Release|Any CPU
		{E1A2B3C4-7777-8888-9999-AABBCCDDEEFF}.Release|Any CPU.Build.0 = Release|Any CPU
	EndGlobalSection
	GlobalSection(SolutionProperties) = preSolution
		HideSolutionNode = FALSE
	EndGlobalSection
	GlobalSection(ExtensibilityGlobals) = postSolution
		SolutionGuid = {F2D3E4F5-AAAA-BBBB-CCCC-DDDDEEEEFFFF}
	EndGlobalSection
EndGlobal
